// !$*UTF8*$!
{
	archiveVersion = 1;
	classes = {
	};
	objectVersion = 50;
	objects = {

/* Begin PBXBuildFile section */
		28ACD361267650D200C2A74C /* AppDelegate.swift in Sources */ = {isa = PBXBuildFile; fileRef = 28ACD360267650D200C2A74C /* AppDelegate.swift */; };
		28ACD363267650D200C2A74C /* SceneDelegate.swift in Sources */ = {isa = PBXBuildFile; fileRef = 28ACD362267650D200C2A74C /* SceneDelegate.swift */; };
		28ACD365267650D200C2A74C /* ContentView.swift in Sources */ = {isa = PBXBuildFile; fileRef = 28ACD364267650D200C2A74C /* ContentView.swift */; };
		28ACD367267650D400C2A74C /* Assets.xcassets in Resources */ = {isa = PBXBuildFile; fileRef = 28ACD366267650D400C2A74C /* Assets.xcassets */; };
		28ACD36A267650D400C2A74C /* Preview Assets.xcassets in Resources */ = {isa = PBXBuildFile; fileRef = 28ACD369267650D400C2A74C /* Preview Assets.xcassets */; };
		28ACD36D267650D400C2A74C /* LaunchScreen.storyboard in Resources */ = {isa = PBXBuildFile; fileRef = 28ACD36B267650D400C2A74C /* LaunchScreen.storyboard */; };
		28ACD3762676512A00C2A74C /* MenuItem.swift in Sources */ = {isa = PBXBuildFile; fileRef = 28ACD3752676512A00C2A74C /* MenuItem.swift */; };
		28ACD37D267669C600C2A74C /* GettingWindowUIKitViewController.swift in Sources */ = {isa = PBXBuildFile; fileRef = 28ACD37C267669C600C2A74C /* GettingWindowUIKitViewController.swift */; };
		28ACD37F26766A1400C2A74C /* GettingWindowUIKitView.swift in Sources */ = {isa = PBXBuildFile; fileRef = 28ACD37E26766A1400C2A74C /* GettingWindowUIKitView.swift */; };
		28ACD3822679D00200C2A74C /* SceneDebuggerView.swift in Sources */ = {isa = PBXBuildFile; fileRef = 28ACD3812679D00200C2A74C /* SceneDebuggerView.swift */; };
		28ACD3C9267A6D9500C2A74C /* SummonScenePageView.swift in Sources */ = {isa = PBXBuildFile; fileRef = 28ACD3C8267A6D9500C2A74C /* SummonScenePageView.swift */; };
		28ACD3CC267A727D00C2A74C /* SceneConfigurationNames.swift in Sources */ = {isa = PBXBuildFile; fileRef = 28ACD3CB267A727D00C2A74C /* SceneConfigurationNames.swift */; };
		28ACD3CE267A733100C2A74C /* SummonSceneDelegate.swift in Sources */ = {isa = PBXBuildFile; fileRef = 28ACD3CD267A733100C2A74C /* SummonSceneDelegate.swift */; };
		28ACD3D0267A7B2500C2A74C /* ActivityIdentifier.swift in Sources */ = {isa = PBXBuildFile; fileRef = 28ACD3CF267A7B2500C2A74C /* ActivityIdentifier.swift */; };
		28ACD3D2267AD62E00C2A74C /* SummonSceneWithDataDelegate.swift in Sources */ = {isa = PBXBuildFile; fileRef = 28ACD3D1267AD62E00C2A74C /* SummonSceneWithDataDelegate.swift */; };
		28ACD3D4267AD68700C2A74C /* PreviewSummonedPageView.swift in Sources */ = {isa = PBXBuildFile; fileRef = 28ACD3D3267AD68700C2A74C /* PreviewSummonedPageView.swift */; };
/* End PBXBuildFile section */

/* Begin PBXFileReference section */
		28ACD35D267650D200C2A74C /* Talenan.app */ = {isa = PBXFileReference; explicitFileType = wrapper.application; includeInIndex = 0; path = Talenan.app; sourceTree = BUILT_PRODUCTS_DIR; };
		28ACD360267650D200C2A74C /* AppDelegate.swift */ = {isa = PBXFileReference; lastKnownFileType = sourcecode.swift; path = AppDelegate.swift; sourceTree = "<group>"; };
		28ACD362267650D200C2A74C /* SceneDelegate.swift */ = {isa = PBXFileReference; lastKnownFileType = sourcecode.swift; path = SceneDelegate.swift; sourceTree = "<group>"; };
		28ACD364267650D200C2A74C /* ContentView.swift */ = {isa = PBXFileReference; lastKnownFileType = sourcecode.swift; path = ContentView.swift; sourceTree = "<group>"; };
		28ACD366267650D400C2A74C /* Assets.xcassets */ = {isa = PBXFileReference; lastKnownFileType = folder.assetcatalog; path = Assets.xcassets; sourceTree = "<group>"; };
		28ACD369267650D400C2A74C /* Preview Assets.xcassets */ = {isa = PBXFileReference; lastKnownFileType = folder.assetcatalog; path = "Preview Assets.xcassets"; sourceTree = "<group>"; };
		28ACD36C267650D400C2A74C /* Base */ = {isa = PBXFileReference; lastKnownFileType = file.storyboard; name = Base; path = Base.lproj/LaunchScreen.storyboard; sourceTree = "<group>"; };
		28ACD36E267650D400C2A74C /* Info.plist */ = {isa = PBXFileReference; lastKnownFileType = text.plist.xml; path = Info.plist; sourceTree = "<group>"; };
		28ACD3752676512A00C2A74C /* MenuItem.swift */ = {isa = PBXFileReference; lastKnownFileType = sourcecode.swift; path = MenuItem.swift; sourceTree = "<group>"; };
		28ACD37C267669C600C2A74C /* GettingWindowUIKitViewController.swift */ = {isa = PBXFileReference; lastKnownFileType = sourcecode.swift; path = GettingWindowUIKitViewController.swift; sourceTree = "<group>"; };
		28ACD37E26766A1400C2A74C /* GettingWindowUIKitView.swift */ = {isa = PBXFileReference; lastKnownFileType = sourcecode.swift; path = GettingWindowUIKitView.swift; sourceTree = "<group>"; };
		28ACD3812679D00200C2A74C /* SceneDebuggerView.swift */ = {isa = PBXFileReference; lastKnownFileType = sourcecode.swift; path = SceneDebuggerView.swift; sourceTree = "<group>"; };
		28ACD3C8267A6D9500C2A74C /* SummonScenePageView.swift */ = {isa = PBXFileReference; lastKnownFileType = sourcecode.swift; path = SummonScenePageView.swift; sourceTree = "<group>"; };
		28ACD3CB267A727D00C2A74C /* SceneConfigurationNames.swift */ = {isa = PBXFileReference; lastKnownFileType = sourcecode.swift; path = SceneConfigurationNames.swift; sourceTree = "<group>"; };
		28ACD3CD267A733100C2A74C /* SummonSceneDelegate.swift */ = {isa = PBXFileReference; lastKnownFileType = sourcecode.swift; path = SummonSceneDelegate.swift; sourceTree = "<group>"; };
		28ACD3CF267A7B2500C2A74C /* ActivityIdentifier.swift */ = {isa = PBXFileReference; lastKnownFileType = sourcecode.swift; path = ActivityIdentifier.swift; sourceTree = "<group>"; };
		28ACD3D1267AD62E00C2A74C /* SummonSceneWithDataDelegate.swift */ = {isa = PBXFileReference; lastKnownFileType = sourcecode.swift; path = SummonSceneWithDataDelegate.swift; sourceTree = "<group>"; };
		28ACD3D3267AD68700C2A74C /* PreviewSummonedPageView.swift */ = {isa = PBXFileReference; lastKnownFileType = sourcecode.swift; path = PreviewSummonedPageView.swift; sourceTree = "<group>"; };
/* End PBXFileReference section */

/* Begin PBXFrameworksBuildPhase section */
		28ACD35A267650D200C2A74C /* Frameworks */ = {
			isa = PBXFrameworksBuildPhase;
			buildActionMask = 2147483647;
			files = (
			);
			runOnlyForDeploymentPostprocessing = 0;
		};
/* End PBXFrameworksBuildPhase section */

/* Begin PBXGroup section */
		28ACD354267650D100C2A74C = {
			isa = PBXGroup;
			children = (
				28ACD35F267650D200C2A74C /* Talenan */,
				28ACD35E267650D200C2A74C /* Products */,
			);
			sourceTree = "<group>";
		};
		28ACD35E267650D200C2A74C /* Products */ = {
			isa = PBXGroup;
			children = (
				28ACD35D267650D200C2A74C /* Talenan.app */,
			);
			name = Products;
			sourceTree = "<group>";
		};
		28ACD35F267650D200C2A74C /* Talenan */ = {
			isa = PBXGroup;
			children = (
				28ACD3772676548D00C2A74C /* App */,
				28ACD3742676511000C2A74C /* Constants */,
				28ACD3782676549B00C2A74C /* Views */,
				28ACD366267650D400C2A74C /* Assets.xcassets */,
				28ACD36B267650D400C2A74C /* LaunchScreen.storyboard */,
				28ACD36E267650D400C2A74C /* Info.plist */,
				28ACD368267650D400C2A74C /* Preview Content */,
			);
			path = Talenan;
			sourceTree = "<group>";
		};
		28ACD368267650D400C2A74C /* Preview Content */ = {
			isa = PBXGroup;
			children = (
				28ACD369267650D400C2A74C /* Preview Assets.xcassets */,
			);
			path = "Preview Content";
			sourceTree = "<group>";
		};
		28ACD3742676511000C2A74C /* Constants */ = {
			isa = PBXGroup;
			children = (
				28ACD3752676512A00C2A74C /* MenuItem.swift */,
				28ACD3CB267A727D00C2A74C /* SceneConfigurationNames.swift */,
				28ACD3CF267A7B2500C2A74C /* ActivityIdentifier.swift */,
			);
			path = Constants;
			sourceTree = "<group>";
		};
		28ACD3772676548D00C2A74C /* App */ = {
			isa = PBXGroup;
			children = (
				28ACD360267650D200C2A74C /* AppDelegate.swift */,
				28ACD362267650D200C2A74C /* SceneDelegate.swift */,
				28ACD3CD267A733100C2A74C /* SummonSceneDelegate.swift */,
				28ACD3D1267AD62E00C2A74C /* SummonSceneWithDataDelegate.swift */,
			);
			path = App;
			sourceTree = "<group>";
		};
		28ACD3782676549B00C2A74C /* Views */ = {
			isa = PBXGroup;
			children = (
				28ACD3CA267A6D9B00C2A74C /* SummonScenePageView */,
				28ACD3802679CFF100C2A74C /* SceneDebugger */,
				28ACD37B2676699800C2A74C /* GettingWindowUIKit */,
				28ACD364267650D200C2A74C /* ContentView.swift */,
			);
			path = Views;
			sourceTree = "<group>";
		};
		28ACD37B2676699800C2A74C /* GettingWindowUIKit */ = {
			isa = PBXGroup;
			children = (
				28ACD37C267669C600C2A74C /* GettingWindowUIKitViewController.swift */,
				28ACD37E26766A1400C2A74C /* GettingWindowUIKitView.swift */,
			);
			path = GettingWindowUIKit;
			sourceTree = "<group>";
		};
		28ACD3802679CFF100C2A74C /* SceneDebugger */ = {
			isa = PBXGroup;
			children = (
				28ACD3812679D00200C2A74C /* SceneDebuggerView.swift */,
			);
			path = SceneDebugger;
			sourceTree = "<group>";
		};
		28ACD3CA267A6D9B00C2A74C /* SummonScenePageView */ = {
			isa = PBXGroup;
			children = (
				28ACD3C8267A6D9500C2A74C /* SummonScenePageView.swift */,
				28ACD3D3267AD68700C2A74C /* PreviewSummonedPageView.swift */,
			);
			path = SummonScenePageView;
			sourceTree = "<group>";
		};
/* End PBXGroup section */

/* Begin PBXNativeTarget section */
		28ACD35C267650D200C2A74C /* Talenan */ = {
			isa = PBXNativeTarget;
			buildConfigurationList = 28ACD371267650D400C2A74C /* Build configuration list for PBXNativeTarget "Talenan" */;
			buildPhases = (
				28ACD359267650D200C2A74C /* Sources */,
				28ACD35A267650D200C2A74C /* Frameworks */,
				28ACD35B267650D200C2A74C /* Resources */,
			);
			buildRules = (
			);
			dependencies = (
			);
			name = Talenan;
			productName = Talenan;
			productReference = 28ACD35D267650D200C2A74C /* Talenan.app */;
			productType = "com.apple.product-type.application";
		};
/* End PBXNativeTarget section */

/* Begin PBXProject section */
		28ACD355267650D100C2A74C /* Project object */ = {
			isa = PBXProject;
			attributes = {
				LastSwiftUpdateCheck = 1250;
				LastUpgradeCheck = 1250;
				TargetAttributes = {
					28ACD35C267650D200C2A74C = {
						CreatedOnToolsVersion = 12.5;
					};
				};
			};
			buildConfigurationList = 28ACD358267650D100C2A74C /* Build configuration list for PBXProject "Talenan" */;
			compatibilityVersion = "Xcode 9.3";
			developmentRegion = en;
			hasScannedForEncodings = 0;
			knownRegions = (
				en,
				Base,
			);
			mainGroup = 28ACD354267650D100C2A74C;
			productRefGroup = 28ACD35E267650D200C2A74C /* Products */;
			projectDirPath = "";
			projectRoot = "";
			targets = (
				28ACD35C267650D200C2A74C /* Talenan */,
			);
		};
/* End PBXProject section */

/* Begin PBXResourcesBuildPhase section */
		28ACD35B267650D200C2A74C /* Resources */ = {
			isa = PBXResourcesBuildPhase;
			buildActionMask = 2147483647;
			files = (
				28ACD36D267650D400C2A74C /* LaunchScreen.storyboard in Resources */,
				28ACD36A267650D400C2A74C /* Preview Assets.xcassets in Resources */,
				28ACD367267650D400C2A74C /* Assets.xcassets in Resources */,
			);
			runOnlyForDeploymentPostprocessing = 0;
		};
/* End PBXResourcesBuildPhase section */

/* Begin PBXSourcesBuildPhase section */
		28ACD359267650D200C2A74C /* Sources */ = {
			isa = PBXSourcesBuildPhase;
			buildActionMask = 2147483647;
			files = (
				28ACD3822679D00200C2A74C /* SceneDebuggerView.swift in Sources */,
				28ACD3762676512A00C2A74C /* MenuItem.swift in Sources */,
				28ACD37D267669C600C2A74C /* GettingWindowUIKitViewController.swift in Sources */,
				28ACD3C9267A6D9500C2A74C /* SummonScenePageView.swift in Sources */,
				28ACD3D2267AD62E00C2A74C /* SummonSceneWithDataDelegate.swift in Sources */,
				28ACD3D4267AD68700C2A74C /* PreviewSummonedPageView.swift in Sources */,
				28ACD3CC267A727D00C2A74C /* SceneConfigurationNames.swift in Sources */,
				28ACD361267650D200C2A74C /* AppDelegate.swift in Sources */,
				28ACD363267650D200C2A74C /* SceneDelegate.swift in Sources */,
				28ACD37F26766A1400C2A74C /* GettingWindowUIKitView.swift in Sources */,
				28ACD3CE267A733100C2A74C /* SummonSceneDelegate.swift in Sources */,
				28ACD365267650D200C2A74C /* ContentView.swift in Sources */,
				28ACD3D0267A7B2500C2A74C /* ActivityIdentifier.swift in Sources */,
			);
			runOnlyForDeploymentPostprocessing = 0;
		};
/* End PBXSourcesBuildPhase section */

/* Begin PBXVariantGroup section */
		28ACD36B267650D400C2A74C /* LaunchScreen.storyboard */ = {
			isa = PBXVariantGroup;
			children = (
				28ACD36C267650D400C2A74C /* Base */,
			);
			name = LaunchScreen.storyboard;
			sourceTree = "<group>";
		};
/* End PBXVariantGroup section */

/* Begin XCBuildConfiguration section */
		28ACD36F267650D400C2A74C /* Debug */ = {
			isa = XCBuildConfiguration;
			buildSettings = {
				ALWAYS_SEARCH_USER_PATHS = NO;
				CLANG_ANALYZER_NONNULL = YES;
				CLANG_ANALYZER_NUMBER_OBJECT_CONVERSION = YES_AGGRESSIVE;
				CLANG_CXX_LANGUAGE_STANDARD = "gnu++14";
				CLANG_CXX_LIBRARY = "libc++";
				CLANG_ENABLE_MODULES = YES;
				CLANG_ENABLE_OBJC_ARC = YES;
				CLANG_ENABLE_OBJC_WEAK = YES;
				CLANG_WARN_BLOCK_CAPTURE_AUTORELEASING = YES;
				CLANG_WARN_BOOL_CONVERSION = YES;
				CLANG_WARN_COMMA = YES;
				CLANG_WARN_CONSTANT_CONVERSION = YES;
				CLANG_WARN_DEPRECATED_OBJC_IMPLEMENTATIONS = YES;
				CLANG_WARN_DIRECT_OBJC_ISA_USAGE = YES_ERROR;
				CLANG_WARN_DOCUMENTATION_COMMENTS = YES;
				CLANG_WARN_EMPTY_BODY = YES;
				CLANG_WARN_ENUM_CONVERSION = YES;
				CLANG_WARN_INFINITE_RECURSION = YES;
				CLANG_WARN_INT_CONVERSION = YES;
				CLANG_WARN_NON_LITERAL_NULL_CONVERSION = YES;
				CLANG_WARN_OBJC_IMPLICIT_RETAIN_SELF = YES;
				CLANG_WARN_OBJC_LITERAL_CONVERSION = YES;
				CLANG_WARN_OBJC_ROOT_CLASS = YES_ERROR;
				CLANG_WARN_QUOTED_INCLUDE_IN_FRAMEWORK_HEADER = YES;
				CLANG_WARN_RANGE_LOOP_ANALYSIS = YES;
				CLANG_WARN_STRICT_PROTOTYPES = YES;
				CLANG_WARN_SUSPICIOUS_MOVE = YES;
				CLANG_WARN_UNGUARDED_AVAILABILITY = YES_AGGRESSIVE;
				CLANG_WARN_UNREACHABLE_CODE = YES;
				CLANG_WARN__DUPLICATE_METHOD_MATCH = YES;
				COPY_PHASE_STRIP = NO;
				DEBUG_INFORMATION_FORMAT = dwarf;
				ENABLE_STRICT_OBJC_MSGSEND = YES;
				ENABLE_TESTABILITY = YES;
				GCC_C_LANGUAGE_STANDARD = gnu11;
				GCC_DYNAMIC_NO_PIC = NO;
				GCC_NO_COMMON_BLOCKS = YES;
				GCC_OPTIMIZATION_LEVEL = 0;
				GCC_PREPROCESSOR_DEFINITIONS = (
					"DEBUG=1",
					"$(inherited)",
				);
				GCC_WARN_64_TO_32_BIT_CONVERSION = YES;
				GCC_WARN_ABOUT_RETURN_TYPE = YES_ERROR;
				GCC_WARN_UNDECLARED_SELECTOR = YES;
				GCC_WARN_UNINITIALIZED_AUTOS = YES_AGGRESSIVE;
				GCC_WARN_UNUSED_FUNCTION = YES;
				GCC_WARN_UNUSED_VARIABLE = YES;
				IPHONEOS_DEPLOYMENT_TARGET = 14.5;
				MTL_ENABLE_DEBUG_INFO = INCLUDE_SOURCE;
				MTL_FAST_MATH = YES;
				ONLY_ACTIVE_ARCH = YES;
				SDKROOT = iphoneos;
				SWIFT_ACTIVE_COMPILATION_CONDITIONS = DEBUG;
				SWIFT_OPTIMIZATION_LEVEL = "-Onone";
			};
			name = Debug;
		};
		28ACD370267650D400C2A74C /* Release */ = {
			isa = XCBuildConfiguration;
			buildSettings = {
				ALWAYS_SEARCH_USER_PATHS = NO;
				CLANG_ANALYZER_NONNULL = YES;
				CLANG_ANALYZER_NUMBER_OBJECT_CONVERSION = YES_AGGRESSIVE;
				CLANG_CXX_LANGUAGE_STANDARD = "gnu++14";
				CLANG_CXX_LIBRARY = "libc++";
				CLANG_ENABLE_MODULES = YES;
				CLANG_ENABLE_OBJC_ARC = YES;
				CLANG_ENABLE_OBJC_WEAK = YES;
				CLANG_WARN_BLOCK_CAPTURE_AUTORELEASING = YES;
				CLANG_WARN_BOOL_CONVERSION = YES;
				CLANG_WARN_COMMA = YES;
				CLANG_WARN_CONSTANT_CONVERSION = YES;
				CLANG_WARN_DEPRECATED_OBJC_IMPLEMENTATIONS = YES;
				CLANG_WARN_DIRECT_OBJC_ISA_USAGE = YES_ERROR;
				CLANG_WARN_DOCUMENTATION_COMMENTS = YES;
				CLANG_WARN_EMPTY_BODY = YES;
				CLANG_WARN_ENUM_CONVERSION = YES;
				CLANG_WARN_INFINITE_RECURSION = YES;
				CLANG_WARN_INT_CONVERSION = YES;
				CLANG_WARN_NON_LITERAL_NULL_CONVERSION = YES;
				CLANG_WARN_OBJC_IMPLICIT_RETAIN_SELF = YES;
				CLANG_WARN_OBJC_LITERAL_CONVERSION = YES;
				CLANG_WARN_OBJC_ROOT_CLASS = YES_ERROR;
				CLANG_WARN_QUOTED_INCLUDE_IN_FRAMEWORK_HEADER = YES;
				CLANG_WARN_RANGE_LOOP_ANALYSIS = YES;
				CLANG_WARN_STRICT_PROTOTYPES = YES;
				CLANG_WARN_SUSPICIOUS_MOVE = YES;
				CLANG_WARN_UNGUARDED_AVAILABILITY = YES_AGGRESSIVE;
				CLANG_WARN_UNREACHABLE_CODE = YES;
				CLANG_WARN__DUPLICATE_METHOD_MATCH = YES;
				COPY_PHASE_STRIP = NO;
				DEBUG_INFORMATION_FORMAT = "dwarf-with-dsym";
				ENABLE_NS_ASSERTIONS = NO;
				ENABLE_STRICT_OBJC_MSGSEND = YES;
				GCC_C_LANGUAGE_STANDARD = gnu11;
				GCC_NO_COMMON_BLOCKS = YES;
				GCC_WARN_64_TO_32_BIT_CONVERSION = YES;
				GCC_WARN_ABOUT_RETURN_TYPE = YES_ERROR;
				GCC_WARN_UNDECLARED_SELECTOR = YES;
				GCC_WARN_UNINITIALIZED_AUTOS = YES_AGGRESSIVE;
				GCC_WARN_UNUSED_FUNCTION = YES;
				GCC_WARN_UNUSED_VARIABLE = YES;
				IPHONEOS_DEPLOYMENT_TARGET = 14.5;
				MTL_ENABLE_DEBUG_INFO = NO;
				MTL_FAST_MATH = YES;
				SDKROOT = iphoneos;
				SWIFT_COMPILATION_MODE = wholemodule;
				SWIFT_OPTIMIZATION_LEVEL = "-O";
				VALIDATE_PRODUCT = YES;
			};
			name = Release;
		};
		28ACD372267650D400C2A74C /* Debug */ = {
			isa = XCBuildConfiguration;
			buildSettings = {
				ASSETCATALOG_COMPILER_APPICON_NAME = AppIcon;
				ASSETCATALOG_COMPILER_GLOBAL_ACCENT_COLOR_NAME = AccentColor;
				CODE_SIGN_STYLE = Automatic;
				DEVELOPMENT_ASSET_PATHS = "\"Talenan/Preview Content\"";
				ENABLE_PREVIEWS = YES;
				INFOPLIST_FILE = Talenan/Info.plist;
				LD_RUNPATH_SEARCH_PATHS = (
					"$(inherited)",
					"@executable_path/Frameworks",
				);
				PRODUCT_BUNDLE_IDENTIFIER = "com.nabeel-test.Talenan";
				PRODUCT_NAME = "$(TARGET_NAME)";
				SWIFT_VERSION = 5.0;
				TARGETED_DEVICE_FAMILY = "1,2";
			};
			name = Debug;
		};
		28ACD373267650D400C2A74C /* Release */ = {
			isa = XCBuildConfiguration;
			buildSettings = {
				ASSETCATALOG_COMPILER_APPICON_NAME = AppIcon;
				ASSETCATALOG_COMPILER_GLOBAL_ACCENT_COLOR_NAME = AccentColor;
				CODE_SIGN_STYLE = Automatic;
				DEVELOPMENT_ASSET_PATHS = "\"Talenan/Preview Content\"";
				ENABLE_PREVIEWS = YES;
				INFOPLIST_FILE = Talenan/Info.plist;
				LD_RUNPATH_SEARCH_PATHS = (
					"$(inherited)",
					"@executable_path/Frameworks",
				);
				PRODUCT_BUNDLE_IDENTIFIER = "com.nabeel-test.Talenan";
				PRODUCT_NAME = "$(TARGET_NAME)";
				SWIFT_VERSION = 5.0;
				TARGETED_DEVICE_FAMILY = "1,2";
			};
			name = Release;
		};
/* End XCBuildConfiguration section */

/* Begin XCConfigurationList section */
		28ACD358267650D100C2A74C /* Build configuration list for PBXProject "Talenan" */ = {
			isa = XCConfigurationList;
			buildConfigurations = (
				28ACD36F267650D400C2A74C /* Debug */,
				28ACD370267650D400C2A74C /* Release */,
			);
			defaultConfigurationIsVisible = 0;
			defaultConfigurationName = Release;
		};
		28ACD371267650D400C2A74C /* Build configuration list for PBXNativeTarget "Talenan" */ = {
			isa = XCConfigurationList;
			buildConfigurations = (
				28ACD372267650D400C2A74C /* Debug */,
				28ACD373267650D400C2A74C /* Release */,
			);
			defaultConfigurationIsVisible = 0;
			defaultConfigurationName = Release;
		};
/* End XCConfigurationList section */
	};
	rootObject = 28ACD355267650D100C2A74C /* Project object */;
}
